
Microsoft Visual Studio Solution File, Format Version 12.00
# Visual Studio 15
VisualStudioVersion = 15.0.26228.9
MinimumVisualStudioVersion = 10.0.40219.1
Project("{FAE04EC0-301F-11D3-BF4B-00C04F79EFBC}") = "BooksApp.Core", "BooksApp.Core\BooksApp.Core.csproj", "{C6EA0A61-7B9C-4FA9-BBE8-DFB39DE70F4E}"
EndProject
Project("{FAE04EC0-301F-11D3-BF4B-00C04F79EFBC}") = "BooksApp.Droid", "BooksApp.Droid\BooksApp.Droid.csproj", "{14B30E0B-20A7-49F3-83CB-913275AD85EE}"
EndProject
Project("{FAE04EC0-301F-11D3-BF4B-00C04F79EFBC}") = "Honeywell.Portable", "Honeywell.Portable\Honeywell.Portable.csproj", "{EBFA1632-B5A0-4161-80E9-20F5ADDB0F5A}"
EndProject
Global
	GlobalSection(SolutionConfigurationPlatforms) = preSolution
		Debug|Any CPU = Debug|Any CPU
		Release|Any CPU = Release|Any CPU
	EndGlobalSection
	GlobalSection(ProjectConfigurationPlatforms) = postSolution
		{C6EA0A61-7B9C-4FA9-BBE8-DFB39DE70F4E}.Debug|Any CPU.ActiveCfg = Debug|Any CPU
		{C6EA0A61-7B9C-4FA9-BBE8-DFB39DE70F4E}.Debug|Any CPU.Build.0 = Debug|Any CPU
		{C6EA0A61-7B9C-4FA9-BBE8-DFB39DE70F4E}.Release|Any CPU.ActiveCfg = Release|Any CPU
		{C6EA0A61-7B9C-4FA9-BBE8-DFB39DE70F4E}.Release|Any CPU.Build.0 = Release|Any CPU
		{14B30E0B-20A7-49F3-83CB-913275AD85EE}.Debug|Any CPU.ActiveCfg = Debug|Any CPU
		{14B30E0B-20A7-49F3-83CB-913275AD85EE}.Debug|Any CPU.Build.0 = Debug|Any CPU
		{14B30E0B-20A7-49F3-83CB-913275AD85EE}.Debug|Any CPU.Deploy.0 = Debug|Any CPU
		{14B30E0B-20A7-49F3-83CB-913275AD85EE}.Release|Any CPU.ActiveCfg = Release|Any CPU
		{14B30E0B-20A7-49F3-83CB-913275AD85EE}.Release|Any CPU.Build.0 = Release|Any CPU
		{14B30E0B-20A7-49F3-83CB-913275AD85EE}.Release|Any CPU.Deploy.0 = Release|Any CPU
		{EBFA1632-B5A0-4161-80E9-20F5ADDB0F5A}.Debug|Any CPU.ActiveCfg = Debug|Any CPU
		{EBFA1632-B5A0-4161-80E9-20F5ADDB0F5A}.Debug|Any CPU.Build.0 = Debug|Any CPU
		{EBFA1632-B5A0-4161-80E9-20F5ADDB0F5A}.Release|Any CPU.ActiveCfg = Release|Any CPU
		{EBFA1632-B5A0-4161-80E9-20F5ADDB0F5A}.Release|Any CPU.Build.0 = Release|Any CPU
	EndGlobalSection
	GlobalSection(SolutionProperties) = preSolution
		HideSolutionNode = FALSE
	EndGlobalSection
EndGlobal
